
Microsoft Visual Studio Solution File, Format Version 12.00
Project("{2150E333-8FDC-42A3-9474-1A3956D46DE8}") = "src", "src", "{F88F9348-E020-4386-9F97-AB5A52DADBDE}"
	ProjectSection(SolutionItems) = preProject
		Dockerfile = Dockerfile
	EndProjectSection
EndProject
Project("{2150E333-8FDC-42A3-9474-1A3956D46DE8}") = "tests", "tests", "{A02B1EFE-731E-4F7B-ACD4-BD259710DC41}"
EndProject
Project("{2150E333-8FDC-42A3-9474-1A3956D46DE8}") = "Presentation", "Presentation", "{91FDC8A0-A745-4C68-A9F0-7C9B32895AD9}"
EndProject
Project("{2150E333-8FDC-42A3-9474-1A3956D46DE8}") = "Application", "Application", "{F15679C2-A5CA-4A15-BD14-1FD024738DF1}"
EndProject
Project("{2150E333-8FDC-42A3-9474-1A3956D46DE8}") = "InfraStructure", "InfraStructure", "{2E591E06-B30F-483C-8F0E-33397778F18A}"
EndProject
Project("{2150E333-8FDC-42A3-9474-1A3956D46DE8}") = "Domain", "Domain", "{0AE20ACA-7133-4CCA-BD73-35E152AADE1F}"
EndProject
Project("{FAE04EC0-301F-11D3-BF4B-00C04F79EFBC}") = "InfraStructure.Data", "InfraStructure.Data\InfraStructure.Data.csproj", "{A4666545-3A40-42B0-B626-7D02D5A2BCB4}"
EndProject
Project("{FAE04EC0-301F-11D3-BF4B-00C04F79EFBC}") = "InfraStructure.Ioc", "InfraStructure.Ioc\InfraStructure.Ioc.csproj", "{14B469D9-CD6E-4956-B601-DA23D87211FE}"
EndProject
Project("{FAE04EC0-301F-11D3-BF4B-00C04F79EFBC}") = "Application", "Application\Application.csproj", "{2883673E-C764-43D3-98DC-A1AF62182BEB}"
EndProject
Project("{FAE04EC0-301F-11D3-BF4B-00C04F79EFBC}") = "Presentation.Api", "Presentation.Api\Presentation.Api.csproj", "{7495B763-8184-4ABB-A85D-BBEF913CB834}"
EndProject
Project("{FAE04EC0-301F-11D3-BF4B-00C04F79EFBC}") = "Domain", "Domain\Domain.csproj", "{8CC265CC-E6C5-4465-84AC-03843A92E6B4}"
EndProject
Project("{FAE04EC0-301F-11D3-BF4B-00C04F79EFBC}") = "Challenge.Test", "Challenge.Test\Challenge.Test.csproj", "{541BEBFC-F5C0-4E57-9708-F4BF13C6E5AC}"
EndProject
Global
	GlobalSection(SolutionConfigurationPlatforms) = preSolution
		Debug|Any CPU = Debug|Any CPU
		Debug|x64 = Debug|x64
		Debug|x86 = Debug|x86
		Release|Any CPU = Release|Any CPU
		Release|x64 = Release|x64
		Release|x86 = Release|x86
	EndGlobalSection
	GlobalSection(ProjectConfigurationPlatforms) = postSolution
		{A4666545-3A40-42B0-B626-7D02D5A2BCB4}.Debug|Any CPU.ActiveCfg = Debug|Any CPU
		{A4666545-3A40-42B0-B626-7D02D5A2BCB4}.Debug|Any CPU.Build.0 = Debug|Any CPU
		{A4666545-3A40-42B0-B626-7D02D5A2BCB4}.Debug|x64.ActiveCfg = Debug|Any CPU
		{A4666545-3A40-42B0-B626-7D02D5A2BCB4}.Debug|x64.Build.0 = Debug|Any CPU
		{A4666545-3A40-42B0-B626-7D02D5A2BCB4}.Debug|x86.ActiveCfg = Debug|Any CPU
		{A4666545-3A40-42B0-B626-7D02D5A2BCB4}.Debug|x86.Build.0 = Debug|Any CPU
		{A4666545-3A40-42B0-B626-7D02D5A2BCB4}.Release|Any CPU.ActiveCfg = Release|Any CPU
		{A4666545-3A40-42B0-B626-7D02D5A2BCB4}.Release|Any CPU.Build.0 = Release|Any CPU
		{A4666545-3A40-42B0-B626-7D02D5A2BCB4}.Release|x64.ActiveCfg = Release|Any CPU
		{A4666545-3A40-42B0-B626-7D02D5A2BCB4}.Release|x64.Build.0 = Release|Any CPU
		{A4666545-3A40-42B0-B626-7D02D5A2BCB4}.Release|x86.ActiveCfg = Release|Any CPU
		{A4666545-3A40-42B0-B626-7D02D5A2BCB4}.Release|x86.Build.0 = Release|Any CPU
		{14B469D9-CD6E-4956-B601-DA23D87211FE}.Debug|Any CPU.ActiveCfg = Debug|Any CPU
		{14B469D9-CD6E-4956-B601-DA23D87211FE}.Debug|Any CPU.Build.0 = Debug|Any CPU
		{14B469D9-CD6E-4956-B601-DA23D87211FE}.Debug|x64.ActiveCfg = Debug|Any CPU
		{14B469D9-CD6E-4956-B601-DA23D87211FE}.Debug|x64.Build.0 = Debug|Any CPU
		{14B469D9-CD6E-4956-B601-DA23D87211FE}.Debug|x86.ActiveCfg = Debug|Any CPU
		{14B469D9-CD6E-4956-B601-DA23D87211FE}.Debug|x86.Build.0 = Debug|Any CPU
		{14B469D9-CD6E-4956-B601-DA23D87211FE}.Release|Any CPU.ActiveCfg = Release|Any CPU
		{14B469D9-CD6E-4956-B601-DA23D87211FE}.Release|Any CPU.Build.0 = Release|Any CPU
		{14B469D9-CD6E-4956-B601-DA23D87211FE}.Release|x64.ActiveCfg = Release|Any CPU
		{14B469D9-CD6E-4956-B601-DA23D87211FE}.Release|x64.Build.0 = Release|Any CPU
		{14B469D9-CD6E-4956-B601-DA23D87211FE}.Release|x86.ActiveCfg = Release|Any CPU
		{14B469D9-CD6E-4956-B601-DA23D87211FE}.Release|x86.Build.0 = Release|Any CPU
		{2883673E-C764-43D3-98DC-A1AF62182BEB}.Debug|Any CPU.ActiveCfg = Debug|Any CPU
		{2883673E-C764-43D3-98DC-A1AF62182BEB}.Debug|Any CPU.Build.0 = Debug|Any CPU
		{2883673E-C764-43D3-98DC-A1AF62182BEB}.Debug|x64.ActiveCfg = Debug|Any CPU
		{2883673E-C764-43D3-98DC-A1AF62182BEB}.Debug|x64.Build.0 = Debug|Any CPU
		{2883673E-C764-43D3-98DC-A1AF62182BEB}.Debug|x86.ActiveCfg = Debug|Any CPU
		{2883673E-C764-43D3-98DC-A1AF62182BEB}.Debug|x86.Build.0 = Debug|Any CPU
		{2883673E-C764-43D3-98DC-A1AF62182BEB}.Release|Any CPU.ActiveCfg = Release|Any CPU
		{2883673E-C764-43D3-98DC-A1AF62182BEB}.Release|Any CPU.Build.0 = Release|Any CPU
		{2883673E-C764-43D3-98DC-A1AF62182BEB}.Release|x64.ActiveCfg = Release|Any CPU
		{2883673E-C764-43D3-98DC-A1AF62182BEB}.Release|x64.Build.0 = Release|Any CPU
		{2883673E-C764-43D3-98DC-A1AF62182BEB}.Release|x86.ActiveCfg = Release|Any CPU
		{2883673E-C764-43D3-98DC-A1AF62182BEB}.Release|x86.Build.0 = Release|Any CPU
		{7495B763-8184-4ABB-A85D-BBEF913CB834}.Debug|Any CPU.ActiveCfg = Debug|Any CPU
		{7495B763-8184-4ABB-A85D-BBEF913CB834}.Debug|Any CPU.Build.0 = Debug|Any CPU
		{7495B763-8184-4ABB-A85D-BBEF913CB834}.Debug|x64.ActiveCfg = Debug|Any CPU
		{7495B763-8184-4ABB-A85D-BBEF913CB834}.Debug|x64.Build.0 = Debug|Any CPU
		{7495B763-8184-4ABB-A85D-BBEF913CB834}.Debug|x86.ActiveCfg = Debug|Any CPU
		{7495B763-8184-4ABB-A85D-BBEF913CB834}.Debug|x86.Build.0 = Debug|Any CPU
		{7495B763-8184-4ABB-A85D-BBEF913CB834}.Release|Any CPU.ActiveCfg = Release|Any CPU
		{7495B763-8184-4ABB-A85D-BBEF913CB834}.Release|Any CPU.Build.0 = Release|Any CPU
		{7495B763-8184-4ABB-A85D-BBEF913CB834}.Release|x64.ActiveCfg = Release|Any CPU
		{7495B763-8184-4ABB-A85D-BBEF913CB834}.Release|x64.Build.0 = Release|Any CPU
		{7495B763-8184-4ABB-A85D-BBEF913CB834}.Release|x86.ActiveCfg = Release|Any CPU
		{7495B763-8184-4ABB-A85D-BBEF913CB834}.Release|x86.Build.0 = Release|Any CPU
		{8CC265CC-E6C5-4465-84AC-03843A92E6B4}.Debug|Any CPU.ActiveCfg = Debug|Any CPU
		{8CC265CC-E6C5-4465-84AC-03843A92E6B4}.Debug|Any CPU.Build.0 = Debug|Any CPU
		{8CC265CC-E6C5-4465-84AC-03843A92E6B4}.Debug|x64.ActiveCfg = Debug|Any CPU
		{8CC265CC-E6C5-4465-84AC-03843A92E6B4}.Debug|x64.Build.0 = Debug|Any CPU
		{8CC265CC-E6C5-4465-84AC-03843A92E6B4}.Debug|x86.ActiveCfg = Debug|Any CPU
		{8CC265CC-E6C5-4465-84AC-03843A92E6B4}.Debug|x86.Build.0 = Debug|Any CPU
		{8CC265CC-E6C5-4465-84AC-03843A92E6B4}.Release|Any CPU.ActiveCfg = Release|Any CPU
		{8CC265CC-E6C5-4465-84AC-03843A92E6B4}.Release|Any CPU.Build.0 = Release|Any CPU
		{8CC265CC-E6C5-4465-84AC-03843A92E6B4}.Release|x64.ActiveCfg = Release|Any CPU
		{8CC265CC-E6C5-4465-84AC-03843A92E6B4}.Release|x64.Build.0 = Release|Any CPU
		{8CC265CC-E6C5-4465-84AC-03843A92E6B4}.Release|x86.ActiveCfg = Release|Any CPU
		{8CC265CC-E6C5-4465-84AC-03843A92E6B4}.Release|x86.Build.0 = Release|Any CPU
		{541BEBFC-F5C0-4E57-9708-F4BF13C6E5AC}.Debug|Any CPU.ActiveCfg = Debug|Any CPU
		{541BEBFC-F5C0-4E57-9708-F4BF13C6E5AC}.Debug|Any CPU.Build.0 = Debug|Any CPU
		{541BEBFC-F5C0-4E57-9708-F4BF13C6E5AC}.Debug|x64.ActiveCfg = Debug|Any CPU
		{541BEBFC-F5C0-4E57-9708-F4BF13C6E5AC}.Debug|x64.Build.0 = Debug|Any CPU
		{541BEBFC-F5C0-4E57-9708-F4BF13C6E5AC}.Debug|x86.ActiveCfg = Debug|Any CPU
		{541BEBFC-F5C0-4E57-9708-F4BF13C6E5AC}.Debug|x86.Build.0 = Debug|Any CPU
		{541BEBFC-F5C0-4E57-9708-F4BF13C6E5AC}.Release|Any CPU.ActiveCfg = Release|Any CPU
		{541BEBFC-F5C0-4E57-9708-F4BF13C6E5AC}.Release|Any CPU.Build.0 = Release|Any CPU
		{541BEBFC-F5C0-4E57-9708-F4BF13C6E5AC}.Release|x64.ActiveCfg = Release|Any CPU
		{541BEBFC-F5C0-4E57-9708-F4BF13C6E5AC}.Release|x64.Build.0 = Release|Any CPU
		{541BEBFC-F5C0-4E57-9708-F4BF13C6E5AC}.Release|x86.ActiveCfg = Release|Any CPU
		{541BEBFC-F5C0-4E57-9708-F4BF13C6E5AC}.Release|x86.Build.0 = Release|Any CPU
	EndGlobalSection
	GlobalSection(SolutionProperties) = preSolution
		HideSolutionNode = FALSE
	EndGlobalSection
	GlobalSection(NestedProjects) = preSolution
		{91FDC8A0-A745-4C68-A9F0-7C9B32895AD9} = {F88F9348-E020-4386-9F97-AB5A52DADBDE}
		{F15679C2-A5CA-4A15-BD14-1FD024738DF1} = {F88F9348-E020-4386-9F97-AB5A52DADBDE}
		{2E591E06-B30F-483C-8F0E-33397778F18A} = {F88F9348-E020-4386-9F97-AB5A52DADBDE}
		{0AE20ACA-7133-4CCA-BD73-35E152AADE1F} = {F88F9348-E020-4386-9F97-AB5A52DADBDE}
		{A4666545-3A40-42B0-B626-7D02D5A2BCB4} = {2E591E06-B30F-483C-8F0E-33397778F18A}
		{14B469D9-CD6E-4956-B601-DA23D87211FE} = {2E591E06-B30F-483C-8F0E-33397778F18A}
		{2883673E-C764-43D3-98DC-A1AF62182BEB} = {F15679C2-A5CA-4A15-BD14-1FD024738DF1}
		{7495B763-8184-4ABB-A85D-BBEF913CB834} = {91FDC8A0-A745-4C68-A9F0-7C9B32895AD9}
		{8CC265CC-E6C5-4465-84AC-03843A92E6B4} = {0AE20ACA-7133-4CCA-BD73-35E152AADE1F}
		{541BEBFC-F5C0-4E57-9708-F4BF13C6E5AC} = {A02B1EFE-731E-4F7B-ACD4-BD259710DC41}
	EndGlobalSection
EndGlobal
